
Microsoft Visual Studio Solution File, Format Version 12.00
# Visual Studio Version 17
VisualStudioVersion = 17.5.002.0
MinimumVisualStudioVersion = 10.0.40219.1
Project("{9A19103F-16F7-4668-BE54-9A1E7A4F7556}") = "ShopService", "ShopService.csproj", "{807C641E-452D-4B07-BE3A-BD156FCE0E72}"
EndProject
Global
	GlobalSection(SolutionConfigurationPlatforms) = preSolution
		Debug|Any CPU = Debug|Any CPU
		Release|Any CPU = Release|Any CPU
	EndGlobalSection
	GlobalSection(ProjectConfigurationPlatforms) = postSolution
		{807C641E-452D-4B07-BE3A-BD156FCE0E72}.Debug|Any CPU.ActiveCfg = Debug|Any CPU
		{807C641E-452D-4B07-BE3A-BD156FCE0E72}.Debug|Any CPU.Build.0 = Debug|Any CPU
		{807C641E-452D-4B07-BE3A-BD156FCE0E72}.Release|Any CPU.ActiveCfg = Release|Any CPU
		{807C641E-452D-4B07-BE3A-BD156FCE0E72}.Release|Any CPU.Build.0 = Release|Any CPU
	EndGlobalSection
	GlobalSection(SolutionProperties) = preSolution
		HideSolutionNode = FALSE
	EndGlobalSection
	GlobalSection(ExtensibilityGlobals) = postSolution
		SolutionGuid = {58606690-479A-47AA-A1D2-264D94889F66}
	EndGlobalSection
EndGlobal
